// !$*UTF8*$!
{
	archiveVersion = 1;
	classes = {
	};
	objectVersion = 46;
	objects = {

/* Begin PBXBuildFile section */
		844E3483194BC6CF00B298FE /* AppDelegate.swift in Sources */ = {isa = PBXBuildFile; fileRef = 844E3482194BC6CF00B298FE /* AppDelegate.swift */; };
		844E3485194BC6CF00B298FE /* MasterViewController.swift in Sources */ = {isa = PBXBuildFile; fileRef = 844E3484194BC6CF00B298FE /* MasterViewController.swift */; };
		844E3487194BC6CF00B298FE /* DetailViewController.swift in Sources */ = {isa = PBXBuildFile; fileRef = 844E3486194BC6CF00B298FE /* DetailViewController.swift */; };
		844E348A194BC6CF00B298FE /* Main.storyboard in Resources */ = {isa = PBXBuildFile; fileRef = 844E3488194BC6CF00B298FE /* Main.storyboard */; };
		844E348C194BC6CF00B298FE /* Images.xcassets in Resources */ = {isa = PBXBuildFile; fileRef = 844E348B194BC6CF00B298FE /* Images.xcassets */; };
		844E3498194BC6CF00B298FE /* CalendarListTests.swift in Sources */ = {isa = PBXBuildFile; fileRef = 844E3497194BC6CF00B298FE /* CalendarListTests.swift */; };
/* End PBXBuildFile section */

/* Begin PBXContainerItemProxy section */
		844E3492194BC6CF00B298FE /* PBXContainerItemProxy */ = {
			isa = PBXContainerItemProxy;
			containerPortal = 844E3475194BC6CF00B298FE /* Project object */;
			proxyType = 1;
			remoteGlobalIDString = 844E347C194BC6CF00B298FE;
			remoteInfo = CalendarList;
		};
/* End PBXContainerItemProxy section */

/* Begin PBXFileReference section */
		844E347D194BC6CF00B298FE /* CalendarList.app */ = {isa = PBXFileReference; explicitFileType = wrapper.application; includeInIndex = 0; path = CalendarList.app; sourceTree = BUILT_PRODUCTS_DIR; };
		844E3481194BC6CF00B298FE /* Info.plist */ = {isa = PBXFileReference; lastKnownFileType = text.plist.xml; path = Info.plist; sourceTree = "<group>"; };
		844E3482194BC6CF00B298FE /* AppDelegate.swift */ = {isa = PBXFileReference; lastKnownFileType = sourcecode.swift; path = AppDelegate.swift; sourceTree = "<group>"; };
		844E3484194BC6CF00B298FE /* MasterViewController.swift */ = {isa = PBXFileReference; lastKnownFileType = sourcecode.swift; path = MasterViewController.swift; sourceTree = "<group>"; };
		844E3486194BC6CF00B298FE /* DetailViewController.swift */ = {isa = PBXFileReference; lastKnownFileType = sourcecode.swift; path = DetailViewController.swift; sourceTree = "<group>"; };
		844E3489194BC6CF00B298FE /* Base */ = {isa = PBXFileReference; lastKnownFileType = file.storyboard; name = Base; path = Base.lproj/Main.storyboard; sourceTree = "<group>"; };
		844E348B194BC6CF00B298FE /* Images.xcassets */ = {isa = PBXFileReference; lastKnownFileType = folder.assetcatalog; path = Images.xcassets; sourceTree = "<group>"; };
		844E3491194BC6CF00B298FE /* CalendarListTests.xctest */ = {isa = PBXFileReference; explicitFileType = wrapper.cfbundle; includeInIndex = 0; path = CalendarListTests.xctest; sourceTree = BUILT_PRODUCTS_DIR; };
		844E3496194BC6CF00B298FE /* Info.plist */ = {isa = PBXFileReference; lastKnownFileType = text.plist.xml; path = Info.plist; sourceTree = "<group>"; };
		844E3497194BC6CF00B298FE /* CalendarListTests.swift */ = {isa = PBXFileReference; lastKnownFileType = sourcecode.swift; path = CalendarListTests.swift; sourceTree = "<group>"; };
/* End PBXFileReference section */

/* Begin PBXFrameworksBuildPhase section */
		844E347A194BC6CF00B298FE /* Frameworks */ = {
			isa = PBXFrameworksBuildPhase;
			buildActionMask = 2147483647;
			files = (
			);
			runOnlyForDeploymentPostprocessing = 0;
		};
		844E348E194BC6CF00B298FE /* Frameworks */ = {
			isa = PBXFrameworksBuildPhase;
			buildActionMask = 2147483647;
			files = (
			);
			runOnlyForDeploymentPostprocessing = 0;
		};
/* End PBXFrameworksBuildPhase section */

/* Begin PBXGroup section */
		844E3474194BC6CF00B298FE = {
			isa = PBXGroup;
			children = (
				844E347F194BC6CF00B298FE /* CalendarList */,
				844E3494194BC6CF00B298FE /* CalendarListTests */,
				844E347E194BC6CF00B298FE /* Products */,
			);
			sourceTree = "<group>";
		};
		844E347E194BC6CF00B298FE /* Products */ = {
			isa = PBXGroup;
			children = (
				844E347D194BC6CF00B298FE /* CalendarList.app */,
				844E3491194BC6CF00B298FE /* CalendarListTests.xctest */,
			);
			name = Products;
			sourceTree = "<group>";
		};
		844E347F194BC6CF00B298FE /* CalendarList */ = {
			isa = PBXGroup;
			children = (
				844E3482194BC6CF00B298FE /* AppDelegate.swift */,
				844E3484194BC6CF00B298FE /* MasterViewController.swift */,
				844E3486194BC6CF00B298FE /* DetailViewController.swift */,
				844E3488194BC6CF00B298FE /* Main.storyboard */,
				844E348B194BC6CF00B298FE /* Images.xcassets */,
				844E3480194BC6CF00B298FE /* Supporting Files */,
			);
			path = CalendarList;
			sourceTree = "<group>";
		};
		844E3480194BC6CF00B298FE /* Supporting Files */ = {
			isa = PBXGroup;
			children = (
				844E3481194BC6CF00B298FE /* Info.plist */,
			);
			name = "Supporting Files";
			sourceTree = "<group>";
		};
		844E3494194BC6CF00B298FE /* CalendarListTests */ = {
			isa = PBXGroup;
			children = (
				844E3497194BC6CF00B298FE /* CalendarListTests.swift */,
				844E3495194BC6CF00B298FE /* Supporting Files */,
			);
			path = CalendarListTests;
			sourceTree = "<group>";
		};
		844E3495194BC6CF00B298FE /* Supporting Files */ = {
			isa = PBXGroup;
			children = (
				844E3496194BC6CF00B298FE /* Info.plist */,
			);
			name = "Supporting Files";
			sourceTree = "<group>";
		};
/* End PBXGroup section */

/* Begin PBXNativeTarget section */
		844E347C194BC6CF00B298FE /* CalendarList */ = {
			isa = PBXNativeTarget;
			buildConfigurationList = 844E349B194BC6CF00B298FE /* Build configuration list for PBXNativeTarget "CalendarList" */;
			buildPhases = (
				844E3479194BC6CF00B298FE /* Sources */,
				844E347A194BC6CF00B298FE /* Frameworks */,
				844E347B194BC6CF00B298FE /* Resources */,
			);
			buildRules = (
			);
			dependencies = (
			);
			name = CalendarList;
			productName = CalendarList;
			productReference = 844E347D194BC6CF00B298FE /* CalendarList.app */;
			productType = "com.apple.product-type.application";
		};
		844E3490194BC6CF00B298FE /* CalendarListTests */ = {
			isa = PBXNativeTarget;
			buildConfigurationList = 844E349E194BC6CF00B298FE /* Build configuration list for PBXNativeTarget "CalendarListTests" */;
			buildPhases = (
				844E348D194BC6CF00B298FE /* Sources */,
				844E348E194BC6CF00B298FE /* Frameworks */,
				844E348F194BC6CF00B298FE /* Resources */,
			);
			buildRules = (
			);
			dependencies = (
				844E3493194BC6CF00B298FE /* PBXTargetDependency */,
			);
			name = CalendarListTests;
			productName = CalendarListTests;
			productReference = 844E3491194BC6CF00B298FE /* CalendarListTests.xctest */;
			productType = "com.apple.product-type.bundle.unit-test";
		};
/* End PBXNativeTarget section */

/* Begin PBXProject section */
		844E3475194BC6CF00B298FE /* Project object */ = {
			isa = PBXProject;
			attributes = {
				LastUpgradeCheck = 0600;
				ORGANIZATIONNAME = "Mendoza, Ray";
				TargetAttributes = {
					844E347C194BC6CF00B298FE = {
						CreatedOnToolsVersion = 6.0;
					};
					844E3490194BC6CF00B298FE = {
						CreatedOnToolsVersion = 6.0;
						TestTargetID = 844E347C194BC6CF00B298FE;
					};
				};
			};
			buildConfigurationList = 844E3478194BC6CF00B298FE /* Build configuration list for PBXProject "CalendarList" */;
			compatibilityVersion = "Xcode 3.2";
			developmentRegion = English;
			hasScannedForEncodings = 0;
			knownRegions = (
				en,
				Base,
			);
			mainGroup = 844E3474194BC6CF00B298FE;
			productRefGroup = 844E347E194BC6CF00B298FE /* Products */;
			projectDirPath = "";
			projectRoot = "";
			targets = (
				844E347C194BC6CF00B298FE /* CalendarList */,
				844E3490194BC6CF00B298FE /* CalendarListTests */,
			);
		};
/* End PBXProject section */

/* Begin PBXResourcesBuildPhase section */
		844E347B194BC6CF00B298FE /* Resources */ = {
			isa = PBXResourcesBuildPhase;
			buildActionMask = 2147483647;
			files = (
				844E348A194BC6CF00B298FE /* Main.storyboard in Resources */,
				844E348C194BC6CF00B298FE /* Images.xcassets in Resources */,
			);
			runOnlyForDeploymentPostprocessing = 0;
		};
		844E348F194BC6CF00B298FE /* Resources */ = {
			isa = PBXResourcesBuildPhase;
			buildActionMask = 2147483647;
			files = (
			);
			runOnlyForDeploymentPostprocessing = 0;
		};
/* End PBXResourcesBuildPhase section */

/* Begin PBXSourcesBuildPhase section */
		844E3479194BC6CF00B298FE /* Sources */ = {
			isa = PBXSourcesBuildPhase;
			buildActionMask = 2147483647;
			files = (
				844E3487194BC6CF00B298FE /* DetailViewController.swift in Sources */,
				844E3485194BC6CF00B298FE /* MasterViewController.swift in Sources */,
				844E3483194BC6CF00B298FE /* AppDelegate.swift in Sources */,
			);
			runOnlyForDeploymentPostprocessing = 0;
		};
		844E348D194BC6CF00B298FE /* Sources */ = {
			isa = PBXSourcesBuildPhase;
			buildActionMask = 2147483647;
			files = (
				844E3498194BC6CF00B298FE /* CalendarListTests.swift in Sources */,
			);
			runOnlyForDeploymentPostprocessing = 0;
		};
/* End PBXSourcesBuildPhase section */

/* Begin PBXTargetDependency section */
		844E3493194BC6CF00B298FE /* PBXTargetDependency */ = {
			isa = PBXTargetDependency;
			target = 844E347C194BC6CF00B298FE /* CalendarList */;
			targetProxy = 844E3492194BC6CF00B298FE /* PBXContainerItemProxy */;
		};
/* End PBXTargetDependency section */

/* Begin PBXVariantGroup section */
		844E3488194BC6CF00B298FE /* Main.storyboard */ = {
			isa = PBXVariantGroup;
			children = (
				844E3489194BC6CF00B298FE /* Base */,
			);
			name = Main.storyboard;
			sourceTree = "<group>";
		};
/* End PBXVariantGroup section */

/* Begin XCBuildConfiguration section */
		844E3499194BC6CF00B298FE /* Debug */ = {
			isa = XCBuildConfiguration;
			buildSettings = {
				ALWAYS_SEARCH_USER_PATHS = NO;
				CLANG_CXX_LANGUAGE_STANDARD = "gnu++0x";
				CLANG_CXX_LIBRARY = "libc++";
				CLANG_ENABLE_MODULES = YES;
				CLANG_ENABLE_OBJC_ARC = YES;
				CLANG_WARN_BOOL_CONVERSION = YES;
				CLANG_WARN_CONSTANT_CONVERSION = YES;
				CLANG_WARN_DIRECT_OBJC_ISA_USAGE = YES_ERROR;
				CLANG_WARN_EMPTY_BODY = YES;
				CLANG_WARN_ENUM_CONVERSION = YES;
				CLANG_WARN_INT_CONVERSION = YES;
				CLANG_WARN_OBJC_ROOT_CLASS = YES_ERROR;
				CLANG_WARN_UNREACHABLE_CODE = YES;
				CLANG_WARN__DUPLICATE_METHOD_MATCH = YES;
				"CODE_SIGN_IDENTITY[sdk=iphoneos*]" = "iPhone Developer";
				COPY_PHASE_STRIP = NO;
				ENABLE_STRICT_OBJC_MSGSEND = YES;
				GCC_C_LANGUAGE_STANDARD = gnu99;
				GCC_DYNAMIC_NO_PIC = NO;
				GCC_OPTIMIZATION_LEVEL = 0;
				GCC_PREPROCESSOR_DEFINITIONS = (
					"DEBUG=1",
					"$(inherited)",
				);
				GCC_SYMBOLS_PRIVATE_EXTERN = NO;
				GCC_WARN_64_TO_32_BIT_CONVERSION = YES;
				GCC_WARN_ABOUT_RETURN_TYPE = YES_ERROR;
				GCC_WARN_UNDECLARED_SELECTOR = YES;
				GCC_WARN_UNINITIALIZED_AUTOS = YES_AGGRESSIVE;
				GCC_WARN_UNUSED_FUNCTION = YES;
				GCC_WARN_UNUSED_VARIABLE = YES;
				IPHONEOS_DEPLOYMENT_TARGET = 8.0;
				METAL_ENABLE_DEBUG_INFO = YES;
				ONLY_ACTIVE_ARCH = YES;
				SDKROOT = iphoneos;
				SWIFT_OPTIMIZATION_LEVEL = "-Onone";
				TARGETED_DEVICE_FAMILY = "1,2";
			};
			name = Debug;
		};
		844E349A194BC6CF00B298FE /* Release */ = {
			isa = XCBuildConfiguration;
			buildSettings = {
				ALWAYS_SEARCH_USER_PATHS = NO;
				CLANG_CXX_LANGUAGE_STANDARD = "gnu++0x";
				CLANG_CXX_LIBRARY = "libc++";
				CLANG_ENABLE_MODULES = YES;
				CLANG_ENABLE_OBJC_ARC = YES;
				CLANG_WARN_BOOL_CONVERSION = YES;
				CLANG_WARN_CONSTANT_CONVERSION = YES;
				CLANG_WARN_DIRECT_OBJC_ISA_USAGE = YES_ERROR;
				CLANG_WARN_EMPTY_BODY = YES;
				CLANG_WARN_ENUM_CONVERSION = YES;
				CLANG_WARN_INT_CONVERSION = YES;
				CLANG_WARN_OBJC_ROOT_CLASS = YES_ERROR;
				CLANG_WARN_UNREACHABLE_CODE = YES;
				CLANG_WARN__DUPLICATE_METHOD_MATCH = YES;
				"CODE_SIGN_IDENTITY[sdk=iphoneos*]" = "iPhone Developer";
				COPY_PHASE_STRIP = YES;
				ENABLE_NS_ASSERTIONS = NO;
				ENABLE_STRICT_OBJC_MSGSEND = YES;
				GCC_C_LANGUAGE_STANDARD = gnu99;
				GCC_WARN_64_TO_32_BIT_CONVERSION = YES;
				GCC_WARN_ABOUT_RETURN_TYPE = YES_ERROR;
				GCC_WARN_UNDECLARED_SELECTOR = YES;
				GCC_WARN_UNINITIALIZED_AUTOS = YES_AGGRESSIVE;
				GCC_WARN_UNUSED_FUNCTION = YES;
				GCC_WARN_UNUSED_VARIABLE = YES;
				IPHONEOS_DEPLOYMENT_TARGET = 8.0;
				METAL_ENABLE_DEBUG_INFO = NO;
				SDKROOT = iphoneos;
				TARGETED_DEVICE_FAMILY = "1,2";
				VALIDATE_PRODUCT = YES;
			};
			name = Release;
		};
		844E349C194BC6CF00B298FE /* Debug */ = {
			isa = XCBuildConfiguration;
			buildSettings = {
				ASSETCATALOG_COMPILER_APPICON_NAME = AppIcon;
				ASSETCATALOG_COMPILER_LAUNCHIMAGE_NAME = LaunchImage;
				INFOPLIST_FILE = CalendarList/Info.plist;
				LD_RUNPATH_SEARCH_PATHS = "$(inherited) @executable_path/Frameworks";
				PRODUCT_NAME = "$(TARGET_NAME)";
			};
			name = Debug;
		};
		844E349D194BC6CF00B298FE /* Release */ = {
			isa = XCBuildConfiguration;
			buildSettings = {
				ASSETCATALOG_COMPILER_APPICON_NAME = AppIcon;
				ASSETCATALOG_COMPILER_LAUNCHIMAGE_NAME = LaunchImage;
				INFOPLIST_FILE = CalendarList/Info.plist;
				LD_RUNPATH_SEARCH_PATHS = "$(inherited) @executable_path/Frameworks";
				PRODUCT_NAME = "$(TARGET_NAME)";
			};
			name = Release;
		};
		844E349F194BC6CF00B298FE /* Debug */ = {
			isa = XCBuildConfiguration;
			buildSettings = {
				BUNDLE_LOADER = "$(BUILT_PRODUCTS_DIR)/CalendarList.app/CalendarList";
				FRAMEWORK_SEARCH_PATHS = (
					"$(SDKROOT)/Developer/Library/Frameworks",
					"$(inherited)",
				);
				GCC_PREPROCESSOR_DEFINITIONS = (
					"DEBUG=1",
					"$(inherited)",
				);
				INFOPLIST_FILE = CalendarListTests/Info.plist;
				LD_RUNPATH_SEARCH_PATHS = "$(inherited) @executable_path/Frameworks @loader_path/Frameworks";
				METAL_ENABLE_DEBUG_INFO = YES;
				PRODUCT_NAME = "$(TARGET_NAME)";
				TEST_HOST = "$(BUNDLE_LOADER)";
			};
			name = Debug;
		};
		844E34A0194BC6CF00B298FE /* Release */ = {
			isa = XCBuildConfiguration;
			buildSettings = {
				BUNDLE_LOADER = "$(BUILT_PRODUCTS_DIR)/CalendarList.app/CalendarList";
				FRAMEWORK_SEARCH_PATHS = (
					"$(SDKROOT)/Developer/Library/Frameworks",
					"$(inherited)",
				);
				INFOPLIST_FILE = CalendarListTests/Info.plist;
				LD_RUNPATH_SEARCH_PATHS = "$(inherited) @executable_path/Frameworks @loader_path/Frameworks";
				METAL_ENABLE_DEBUG_INFO = NO;
				PRODUCT_NAME = "$(TARGET_NAME)";
				TEST_HOST = "$(BUNDLE_LOADER)";
			};
			name = Release;
		};
/* End XCBuildConfiguration section */

/* Begin XCConfigurationList section */
		844E3478194BC6CF00B298FE /* Build configuration list for PBXProject "CalendarList" */ = {
			isa = XCConfigurationList;
			buildConfigurations = (
				844E3499194BC6CF00B298FE /* Debug */,
				844E349A194BC6CF00B298FE /* Release */,
			);
			defaultConfigurationIsVisible = 0;
			defaultConfigurationName = Release;
		};
		844E349B194BC6CF00B298FE /* Build configuration list for PBXNativeTarget "CalendarList" */ = {
			isa = XCConfigurationList;
			buildConfigurations = (
				844E349C194BC6CF00B298FE /* Debug */,
				844E349D194BC6CF00B298FE /* Release */,
			);
			defaultConfigurationIsVisible = 0;
		};
		844E349E194BC6CF00B298FE /* Build configuration list for PBXNativeTarget "CalendarListTests" */ = {
			isa = XCConfigurationList;
			buildConfigurations = (
				844E349F194BC6CF00B298FE /* Debug */,
				844E34A0194BC6CF00B298FE /* Release */,
			);
			defaultConfigurationIsVisible = 0;
		};
/* End XCConfigurationList section */
	};
	rootObject = 844E3475194BC6CF00B298FE /* Project object */;
}
